
Microsoft Visual Studio Solution File, Format Version 12.00
# Visual Studio 15
VisualStudioVersion = 15.0.27130.2020
MinimumVisualStudioVersion = 10.0.40219.1
Project("{FAE04EC0-301F-11D3-BF4B-00C04F79EFBC}") = "Landis_Password", "Landis_Password\Landis_Password.csproj", "{51436741-C850-4C01-9720-66E8E3974049}"
EndProject
Global
	GlobalSection(SolutionConfigurationPlatforms) = preSolution
		Debug|Any CPU = Debug|Any CPU
		Release|Any CPU = Release|Any CPU
	EndGlobalSection
	GlobalSection(ProjectConfigurationPlatforms) = postSolution
		{51436741-C850-4C01-9720-66E8E3974049}.Debug|Any CPU.ActiveCfg = Debug|Any CPU
		{51436741-C850-4C01-9720-66E8E3974049}.Debug|Any CPU.Build.0 = Debug|Any CPU
		{51436741-C850-4C01-9720-66E8E3974049}.Release|Any CPU.ActiveCfg = Release|Any CPU
		{51436741-C850-4C01-9720-66E8E3974049}.Release|Any CPU.Build.0 = Release|Any CPU
	EndGlobalSection
	GlobalSection(SolutionProperties) = preSolution
		HideSolutionNode = FALSE
	EndGlobalSection
	GlobalSection(ExtensibilityGlobals) = postSolution
		SolutionGuid = {677B8095-D4AB-4198-A182-1E85ECB13972}
	EndGlobalSection
EndGlobal
