
Microsoft Visual Studio Solution File, Format Version 12.00
# Visual Studio 15
VisualStudioVersion = 15.0.27130.2020
MinimumVisualStudioVersion = 10.0.40219.1
Project("{FAE04EC0-301F-11D3-BF4B-00C04F79EFBC}") = "Landis_Lab06", "Landis_Lab06\Landis_Lab06.csproj", "{C49E0F2A-9002-4B39-A827-FDE449C23B9D}"
EndProject
Global
	GlobalSection(SolutionConfigurationPlatforms) = preSolution
		Debug|Any CPU = Debug|Any CPU
		Release|Any CPU = Release|Any CPU
	EndGlobalSection
	GlobalSection(ProjectConfigurationPlatforms) = postSolution
		{C49E0F2A-9002-4B39-A827-FDE449C23B9D}.Debug|Any CPU.ActiveCfg = Debug|Any CPU
		{C49E0F2A-9002-4B39-A827-FDE449C23B9D}.Debug|Any CPU.Build.0 = Debug|Any CPU
		{C49E0F2A-9002-4B39-A827-FDE449C23B9D}.Release|Any CPU.ActiveCfg = Release|Any CPU
		{C49E0F2A-9002-4B39-A827-FDE449C23B9D}.Release|Any CPU.Build.0 = Release|Any CPU
	EndGlobalSection
	GlobalSection(SolutionProperties) = preSolution
		HideSolutionNode = FALSE
	EndGlobalSection
	GlobalSection(ExtensibilityGlobals) = postSolution
		SolutionGuid = {213DC09E-1B56-4859-A61F-AE989DE2D0A0}
	EndGlobalSection
EndGlobal
