
Microsoft Visual Studio Solution File, Format Version 12.00
# Visual Studio 15
VisualStudioVersion = 15.0.28307.168
MinimumVisualStudioVersion = 10.0.40219.1
Project("{FAE04EC0-301F-11D3-BF4B-00C04F79EFBC}") = "call_It_Whatever_You_Want_Project", "call_It_Whatever_You_Want_Project\call_It_Whatever_You_Want_Project.csproj", "{0EB07E31-630C-4797-AD69-97DD3F30B90C}"
EndProject
Global
	GlobalSection(SolutionConfigurationPlatforms) = preSolution
		Debug|Any CPU = Debug|Any CPU
		Release|Any CPU = Release|Any CPU
	EndGlobalSection
	GlobalSection(ProjectConfigurationPlatforms) = postSolution
		{0EB07E31-630C-4797-AD69-97DD3F30B90C}.Debug|Any CPU.ActiveCfg = Debug|Any CPU
		{0EB07E31-630C-4797-AD69-97DD3F30B90C}.Debug|Any CPU.Build.0 = Debug|Any CPU
		{0EB07E31-630C-4797-AD69-97DD3F30B90C}.Debug|Any CPU.Deploy.0 = Debug|Any CPU
		{0EB07E31-630C-4797-AD69-97DD3F30B90C}.Release|Any CPU.ActiveCfg = Release|Any CPU
		{0EB07E31-630C-4797-AD69-97DD3F30B90C}.Release|Any CPU.Build.0 = Release|Any CPU
		{0EB07E31-630C-4797-AD69-97DD3F30B90C}.Release|Any CPU.Deploy.0 = Release|Any CPU
	EndGlobalSection
	GlobalSection(SolutionProperties) = preSolution
		HideSolutionNode = FALSE
	EndGlobalSection
	GlobalSection(ExtensibilityGlobals) = postSolution
		SolutionGuid = {52534DC4-9162-4796-8276-013A27EB96FC}
	EndGlobalSection
EndGlobal
