
Microsoft Visual Studio Solution File, Format Version 12.00
# Visual Studio 15
VisualStudioVersion = 15.0.28307.168
MinimumVisualStudioVersion = 10.0.40219.1
Project("{FAE04EC0-301F-11D3-BF4B-00C04F79EFBC}") = "ExamBTest", "ExamBTest\ExamBTest.csproj", "{6800C095-DF04-45C6-A7EE-5CD7F2705E02}"
EndProject
Global
	GlobalSection(SolutionConfigurationPlatforms) = preSolution
		Debug|Any CPU = Debug|Any CPU
		Release|Any CPU = Release|Any CPU
	EndGlobalSection
	GlobalSection(ProjectConfigurationPlatforms) = postSolution
		{6800C095-DF04-45C6-A7EE-5CD7F2705E02}.Debug|Any CPU.ActiveCfg = Debug|Any CPU
		{6800C095-DF04-45C6-A7EE-5CD7F2705E02}.Debug|Any CPU.Build.0 = Debug|Any CPU
		{6800C095-DF04-45C6-A7EE-5CD7F2705E02}.Debug|Any CPU.Deploy.0 = Debug|Any CPU
		{6800C095-DF04-45C6-A7EE-5CD7F2705E02}.Release|Any CPU.ActiveCfg = Release|Any CPU
		{6800C095-DF04-45C6-A7EE-5CD7F2705E02}.Release|Any CPU.Build.0 = Release|Any CPU
		{6800C095-DF04-45C6-A7EE-5CD7F2705E02}.Release|Any CPU.Deploy.0 = Release|Any CPU
	EndGlobalSection
	GlobalSection(SolutionProperties) = preSolution
		HideSolutionNode = FALSE
	EndGlobalSection
	GlobalSection(ExtensibilityGlobals) = postSolution
		SolutionGuid = {2E437AC5-B86C-44C2-A5EE-E02A6E83AE1D}
	EndGlobalSection
EndGlobal
