
Microsoft Visual Studio Solution File, Format Version 12.00
# Visual Studio 15
VisualStudioVersion = 15.0.28307.168
MinimumVisualStudioVersion = 10.0.40219.1
Project("{FAE04EC0-301F-11D3-BF4B-00C04F79EFBC}") = "Phoneword", "Phoneword\Phoneword.csproj", "{82EF4F8C-E566-451C-95A4-C68726F77FCF}"
EndProject
Global
	GlobalSection(SolutionConfigurationPlatforms) = preSolution
		Debug|Any CPU = Debug|Any CPU
		Release|Any CPU = Release|Any CPU
	EndGlobalSection
	GlobalSection(ProjectConfigurationPlatforms) = postSolution
		{82EF4F8C-E566-451C-95A4-C68726F77FCF}.Debug|Any CPU.ActiveCfg = Debug|Any CPU
		{82EF4F8C-E566-451C-95A4-C68726F77FCF}.Debug|Any CPU.Build.0 = Debug|Any CPU
		{82EF4F8C-E566-451C-95A4-C68726F77FCF}.Debug|Any CPU.Deploy.0 = Debug|Any CPU
		{82EF4F8C-E566-451C-95A4-C68726F77FCF}.Release|Any CPU.ActiveCfg = Release|Any CPU
		{82EF4F8C-E566-451C-95A4-C68726F77FCF}.Release|Any CPU.Build.0 = Release|Any CPU
		{82EF4F8C-E566-451C-95A4-C68726F77FCF}.Release|Any CPU.Deploy.0 = Release|Any CPU
	EndGlobalSection
	GlobalSection(SolutionProperties) = preSolution
		HideSolutionNode = FALSE
	EndGlobalSection
	GlobalSection(ExtensibilityGlobals) = postSolution
		SolutionGuid = {B8B94EB8-BBA0-41EE-8D06-DD103E303CD5}
	EndGlobalSection
EndGlobal
