
Microsoft Visual Studio Solution File, Format Version 12.00
# Visual Studio 15
VisualStudioVersion = 15.0.27130.2020
MinimumVisualStudioVersion = 10.0.40219.1
Project("{FAE04EC0-301F-11D3-BF4B-00C04F79EFBC}") = "Gothic_Wiggles_Lab_10-11", "Gothic_Wiggles_Lab_10-11\Gothic_Wiggles_Lab_10-11.csproj", "{3981B866-DCD0-4FCC-9797-9973143660EC}"
EndProject
Global
	GlobalSection(SolutionConfigurationPlatforms) = preSolution
		Debug|Any CPU = Debug|Any CPU
		Release|Any CPU = Release|Any CPU
	EndGlobalSection
	GlobalSection(ProjectConfigurationPlatforms) = postSolution
		{3981B866-DCD0-4FCC-9797-9973143660EC}.Debug|Any CPU.ActiveCfg = Debug|Any CPU
		{3981B866-DCD0-4FCC-9797-9973143660EC}.Debug|Any CPU.Build.0 = Debug|Any CPU
		{3981B866-DCD0-4FCC-9797-9973143660EC}.Release|Any CPU.ActiveCfg = Release|Any CPU
		{3981B866-DCD0-4FCC-9797-9973143660EC}.Release|Any CPU.Build.0 = Release|Any CPU
	EndGlobalSection
	GlobalSection(SolutionProperties) = preSolution
		HideSolutionNode = FALSE
	EndGlobalSection
	GlobalSection(ExtensibilityGlobals) = postSolution
		SolutionGuid = {1DA1413A-E35C-42C2-B1B4-8366F4764386}
	EndGlobalSection
EndGlobal
