
Microsoft Visual Studio Solution File, Format Version 12.00
# Visual Studio 15
VisualStudioVersion = 15.0.27130.2020
MinimumVisualStudioVersion = 10.0.40219.1
Project("{FAE04EC0-301F-11D3-BF4B-00C04F79EFBC}") = "My First Project", "My First Project\My First Project.csproj", "{DE9178C6-8C1D-49D1-86C0-C74896EB916C}"
EndProject
Global
	GlobalSection(SolutionConfigurationPlatforms) = preSolution
		Debug|Any CPU = Debug|Any CPU
		Release|Any CPU = Release|Any CPU
	EndGlobalSection
	GlobalSection(ProjectConfigurationPlatforms) = postSolution
		{DE9178C6-8C1D-49D1-86C0-C74896EB916C}.Debug|Any CPU.ActiveCfg = Debug|Any CPU
		{DE9178C6-8C1D-49D1-86C0-C74896EB916C}.Debug|Any CPU.Build.0 = Debug|Any CPU
		{DE9178C6-8C1D-49D1-86C0-C74896EB916C}.Release|Any CPU.ActiveCfg = Release|Any CPU
		{DE9178C6-8C1D-49D1-86C0-C74896EB916C}.Release|Any CPU.Build.0 = Release|Any CPU
	EndGlobalSection
	GlobalSection(SolutionProperties) = preSolution
		HideSolutionNode = FALSE
	EndGlobalSection
	GlobalSection(ExtensibilityGlobals) = postSolution
		SolutionGuid = {3CCD6226-13F9-41D7-9C06-093A94C979EE}
	EndGlobalSection
EndGlobal
