
Microsoft Visual Studio Solution File, Format Version 12.00
# Visual Studio 15
VisualStudioVersion = 15.0.27130.2020
MinimumVisualStudioVersion = 10.0.40219.1
Project("{FAE04EC0-301F-11D3-BF4B-00C04F79EFBC}") = "GeorgeLandis_Lab03", "GeorgeLandis_Lab03\GeorgeLandis_Lab03.csproj", "{99A76FAF-22A7-4CD1-8483-2804125CD538}"
EndProject
Global
	GlobalSection(SolutionConfigurationPlatforms) = preSolution
		Debug|Any CPU = Debug|Any CPU
		Release|Any CPU = Release|Any CPU
	EndGlobalSection
	GlobalSection(ProjectConfigurationPlatforms) = postSolution
		{99A76FAF-22A7-4CD1-8483-2804125CD538}.Debug|Any CPU.ActiveCfg = Debug|Any CPU
		{99A76FAF-22A7-4CD1-8483-2804125CD538}.Debug|Any CPU.Build.0 = Debug|Any CPU
		{99A76FAF-22A7-4CD1-8483-2804125CD538}.Release|Any CPU.ActiveCfg = Release|Any CPU
		{99A76FAF-22A7-4CD1-8483-2804125CD538}.Release|Any CPU.Build.0 = Release|Any CPU
	EndGlobalSection
	GlobalSection(SolutionProperties) = preSolution
		HideSolutionNode = FALSE
	EndGlobalSection
	GlobalSection(ExtensibilityGlobals) = postSolution
		SolutionGuid = {81CB069A-BF30-423F-82F1-666893CE7C5A}
	EndGlobalSection
EndGlobal
