
Microsoft Visual Studio Solution File, Format Version 12.00
# Visual Studio 15
VisualStudioVersion = 15.0.27130.2020
MinimumVisualStudioVersion = 10.0.40219.1
Project("{FAE04EC0-301F-11D3-BF4B-00C04F79EFBC}") = "LandisLab08_164", "LandisLab08_164\LandisLab08_164.csproj", "{8A7AB142-4FA7-4470-92AC-166AC14971E4}"
EndProject
Global
	GlobalSection(SolutionConfigurationPlatforms) = preSolution
		Debug|Any CPU = Debug|Any CPU
		Release|Any CPU = Release|Any CPU
	EndGlobalSection
	GlobalSection(ProjectConfigurationPlatforms) = postSolution
		{8A7AB142-4FA7-4470-92AC-166AC14971E4}.Debug|Any CPU.ActiveCfg = Debug|Any CPU
		{8A7AB142-4FA7-4470-92AC-166AC14971E4}.Debug|Any CPU.Build.0 = Debug|Any CPU
		{8A7AB142-4FA7-4470-92AC-166AC14971E4}.Release|Any CPU.ActiveCfg = Release|Any CPU
		{8A7AB142-4FA7-4470-92AC-166AC14971E4}.Release|Any CPU.Build.0 = Release|Any CPU
	EndGlobalSection
	GlobalSection(SolutionProperties) = preSolution
		HideSolutionNode = FALSE
	EndGlobalSection
	GlobalSection(ExtensibilityGlobals) = postSolution
		SolutionGuid = {9F09031D-5F60-4DB5-9782-F98A8CF7BFC6}
	EndGlobalSection
EndGlobal
